<?xml version="1.0" encoding="utf-8"?>
<Project ToolsVersion="4.0" xmlns="http://schemas.microsoft.com/developer/msbuild/2003">
  <ItemGroup>
    <Filter Include="Math">
      <UniqueIdentifier>{4FC737F1-C7A5-4376-A066-2A32D752A2FF}</UniqueIdentifier>
      <Extensions>cpp;c;cc;cxx;def;odl;idl;hpj;bat;asm;asmx</Extensions>
    </Filter>
    <Filter Include="Renderer">
      <UniqueIdentifier>{ddb17eba-e15e-4597-8bf6-064b16b159d3}</UniqueIdentifier>
    </Filter>
    <Filter Include="Helpers">
      <UniqueIdentifier>{72056cb6-72a2-42b7-b05e-376f1ddd957e}</UniqueIdentifier>
    </Filter>
    <Filter Include="MyClasses">
      <UniqueIdentifier>{9e15195e-2b4f-448b-9ed2-ae13957c2e22}</UniqueIdentifier>
    </Filter>
    <Filter Include="MyClasses\SoftwareRasterizer">
      <UniqueIdentifier>{9a321f08-0865-4752-a67c-72a28727c8ee}</UniqueIdentifier>
    </Filter>
    <Filter Include="MyClasses\DirectX">
      <UniqueIdentifier>{4a1b47ab-02f5-40b1-b430-a1163d70e75f}</UniqueIdentifier>
    </Filter>
    <Filter Include="MyClasses\Combined">
      <UniqueIdentifier>{b0a3f01f-3789-4373-9f87-72ccac4f7eaa}</UniqueIdentifier>
    </Filter>
    <Filter Include="MyClasses\DirectX\Effects">
      <UniqueIdentifier>{b0be7b35-dad8-462e-9055-d704136c1625}</UniqueIdentifier>
    </Filter>
    <Filter Include="MyClasses\SoftwareRasterizer\Geometry">
      <UniqueIdentifier>{d493ba8e-c4db-47c6-a82e-fabe7591cc67}</UniqueIdentifier>
    </Filter>
  </ItemGroup>
  <ItemGroup>
    <ClInclude Include="EMath.h">
      <Filter>Math</Filter>
    </ClInclude>
    <ClInclude Include="EMathUtilities.h">
      <Filter>Math</Filter>
    </ClInclude>
    <ClInclude Include="EMatrix.h">
      <Filter>Math</Filter>
    </ClInclude>
    <ClInclude Include="EMatrix2.h">
      <Filter>Math</Filter>
    </ClInclude>
    <ClInclude Include="EMatrix3.h">
      <Filter>Math</Filter>
    </ClInclude>
    <ClInclude Include="EMatrix4.h">
      <Filter>Math</Filter>
    </ClInclude>
    <ClInclude Include="EPoint.h">
      <Filter>Math</Filter>
    </ClInclude>
    <ClInclude Include="EPoint2.h">
      <Filter>Math</Filter>
    </ClInclude>
    <ClInclude Include="EPoint3.h">
      <Filter>Math</Filter>
    </ClInclude>
    <ClInclude Include="EPoint4.h">
      <Filter>Math</Filter>
    </ClInclude>
    <ClInclude Include="EVector.h">
      <Filter>Math</Filter>
    </ClInclude>
    <ClInclude Include="EVector2.h">
      <Filter>Math</Filter>
    </ClInclude>
    <ClInclude Include="EVector3.h">
      <Filter>Math</Filter>
    </ClInclude>
    <ClInclude Include="EVector4.h">
      <Filter>Math</Filter>
    </ClInclude>
    <ClInclude Include="ERenderer.h">
      <Filter>Renderer</Filter>
    </ClInclude>
    <ClInclude Include="ERGBColor.h">
      <Filter>Helpers</Filter>
    </ClInclude>
    <ClInclude Include="ETimer.h">
      <Filter>Helpers</Filter>
    </ClInclude>
    <ClInclude Include="pch.h" />
    <ClInclude Include="EffectClass.h">
      <Filter>MyClasses\DirectX\Effects</Filter>
    </ClInclude>
    <ClInclude Include="ShadingEffect.h">
      <Filter>MyClasses\DirectX\Effects</Filter>
    </ClInclude>
    <ClInclude Include="TransparentEffect.h">
      <Filter>MyClasses\DirectX\Effects</Filter>
    </ClInclude>
    <ClInclude Include="ECamera.h">
      <Filter>MyClasses\Combined</Filter>
    </ClInclude>
    <ClInclude Include="EObjParser.h">
      <Filter>MyClasses\Combined</Filter>
    </ClInclude>
    <ClInclude Include="MeshRepresentation.h">
      <Filter>MyClasses\Combined</Filter>
    </ClInclude>
    <ClInclude Include="structs.h">
      <Filter>MyClasses\Combined</Filter>
    </ClInclude>
    <ClInclude Include="Texture.h">
      <Filter>MyClasses\Combined</Filter>
    </ClInclude>
    <ClInclude Include="Geometry.h">
      <Filter>MyClasses\SoftwareRasterizer\Geometry</Filter>
    </ClInclude>
    <ClInclude Include="Triangle.h">
      <Filter>MyClasses\SoftwareRasterizer\Geometry</Filter>
    </ClInclude>
  </ItemGroup>
  <ItemGroup>
    <ClCompile Include="ERenderer.cpp">
      <Filter>Renderer</Filter>
    </ClCompile>
    <ClCompile Include="main.cpp" />
    <ClCompile Include="ETimer.cpp">
      <Filter>Helpers</Filter>
    </ClCompile>
    <ClCompile Include="pch.cpp" />
    <ClCompile Include="EffectClass.cpp">
      <Filter>MyClasses\DirectX\Effects</Filter>
    </ClCompile>
    <ClCompile Include="ShadingEffect.cpp">
      <Filter>MyClasses\DirectX\Effects</Filter>
    </ClCompile>
    <ClCompile Include="TransparentEffect.cpp">
      <Filter>MyClasses\DirectX\Effects</Filter>
    </ClCompile>
    <ClCompile Include="ECamera.cpp">
      <Filter>MyClasses\Combined</Filter>
    </ClCompile>
    <ClCompile Include="MeshRepresentation.cpp">
      <Filter>MyClasses\Combined</Filter>
    </ClCompile>
    <ClCompile Include="structs.cpp">
      <Filter>MyClasses\Combined</Filter>
    </ClCompile>
    <ClCompile Include="Texture.cpp">
      <Filter>MyClasses\Combined</Filter>
    </ClCompile>
    <ClCompile Include="Geometry.cpp">
      <Filter>MyClasses\SoftwareRasterizer\Geometry</Filter>
    </ClCompile>
    <ClCompile Include="Triangle.cpp">
      <Filter>MyClasses\SoftwareRasterizer\Geometry</Filter>
    </ClCompile>
  </ItemGroup>
</Project>